// !$*UTF8*$!
{
	archiveVersion = 1;
	classes = {
	};
	objectVersion = 51;
	objects = {

/* Begin PBXBuildFile section */
		230B060B246F30D400F5F8CB /* GetVehiclesWorker.swift in Sources */ = {isa = PBXBuildFile; fileRef = 230B060A246F30D400F5F8CB /* GetVehiclesWorker.swift */; };
		230B060D246F310100F5F8CB /* GelFilmsWorker.swift in Sources */ = {isa = PBXBuildFile; fileRef = 230B060C246F310100F5F8CB /* GelFilmsWorker.swift */; };
		230B060F246F313400F5F8CB /* GetPlanetsWorker.swift in Sources */ = {isa = PBXBuildFile; fileRef = 230B060E246F313400F5F8CB /* GetPlanetsWorker.swift */; };
		230B0611246F315400F5F8CB /* GetStarshipsWorker.swift in Sources */ = {isa = PBXBuildFile; fileRef = 230B0610246F315400F5F8CB /* GetStarshipsWorker.swift */; };
		230B0613246F316F00F5F8CB /* GetSpeciesWorker.swift in Sources */ = {isa = PBXBuildFile; fileRef = 230B0612246F316F00F5F8CB /* GetSpeciesWorker.swift */; };
		230F1AFF246333690045D8B1 /* GetPeoplesWorker.swift in Sources */ = {isa = PBXBuildFile; fileRef = 230F1AFE246333690045D8B1 /* GetPeoplesWorker.swift */; };
		230F1B0324633FE20045D8B1 /* Constants.swift in Sources */ = {isa = PBXBuildFile; fileRef = 230F1B0224633FE20045D8B1 /* Constants.swift */; };
		230F1B072463473D0045D8B1 /* SWEntityCollectionViewCell.xib in Resources */ = {isa = PBXBuildFile; fileRef = 230F1B052463473D0045D8B1 /* SWEntityCollectionViewCell.xib */; };
		230F1B082463473D0045D8B1 /* SWEntityCollectionViewCell.swift in Sources */ = {isa = PBXBuildFile; fileRef = 230F1B062463473D0045D8B1 /* SWEntityCollectionViewCell.swift */; };
		2319B2B4245F601B00EEAF84 /* AppDelegate.swift in Sources */ = {isa = PBXBuildFile; fileRef = 2319B2B3245F601B00EEAF84 /* AppDelegate.swift */; };
		2319B2B6245F601B00EEAF84 /* SceneDelegate.swift in Sources */ = {isa = PBXBuildFile; fileRef = 2319B2B5245F601B00EEAF84 /* SceneDelegate.swift */; };
		2319B2B8245F601B00EEAF84 /* SWCategoriesCollectionViewController.swift in Sources */ = {isa = PBXBuildFile; fileRef = 2319B2B7245F601B00EEAF84 /* SWCategoriesCollectionViewController.swift */; };
		2319B2BB245F601B00EEAF84 /* Main.storyboard in Resources */ = {isa = PBXBuildFile; fileRef = 2319B2B9245F601B00EEAF84 /* Main.storyboard */; };
		2319B2BD245F601C00EEAF84 /* Assets.xcassets in Resources */ = {isa = PBXBuildFile; fileRef = 2319B2BC245F601C00EEAF84 /* Assets.xcassets */; };
		2319B2C0245F601C00EEAF84 /* LaunchScreen.storyboard in Resources */ = {isa = PBXBuildFile; fileRef = 2319B2BE245F601C00EEAF84 /* LaunchScreen.storyboard */; };
		2319B2C9245F643700EEAF84 /* SWCategoryCollectionViewCell.swift in Sources */ = {isa = PBXBuildFile; fileRef = 2319B2C7245F643700EEAF84 /* SWCategoryCollectionViewCell.swift */; };
		2319B2CA245F643700EEAF84 /* SWCategoryCollectionViewCell.xib in Resources */ = {isa = PBXBuildFile; fileRef = 2319B2C8245F643700EEAF84 /* SWCategoryCollectionViewCell.xib */; };
		2365AE0F2464AEB700112FB2 /* PeopleTypeCollectionViewDataSource.swift in Sources */ = {isa = PBXBuildFile; fileRef = 2365AE0E2464AEB700112FB2 /* PeopleTypeCollectionViewDataSource.swift */; };
		2365AE112464C62000112FB2 /* SWEntitiesResponse.swift in Sources */ = {isa = PBXBuildFile; fileRef = 2365AE102464C62000112FB2 /* SWEntitiesResponse.swift */; };
		2365AE142464DC4B00112FB2 /* GetPeopleEntitiesWebService.swift in Sources */ = {isa = PBXBuildFile; fileRef = 2365AE132464DC4B00112FB2 /* GetPeopleEntitiesWebService.swift */; };
		2365AE162464DC8000112FB2 /* GetPlanetEntitiesWebService.swift in Sources */ = {isa = PBXBuildFile; fileRef = 2365AE152464DC8000112FB2 /* GetPlanetEntitiesWebService.swift */; };
		2365AE182464DDA000112FB2 /* GetVehicleEntitiesWebService.swift in Sources */ = {isa = PBXBuildFile; fileRef = 2365AE172464DDA000112FB2 /* GetVehicleEntitiesWebService.swift */; };
		2365AE1A2464DDB500112FB2 /* GetStarshipEntitiesWebService.swift in Sources */ = {isa = PBXBuildFile; fileRef = 2365AE192464DDB500112FB2 /* GetStarshipEntitiesWebService.swift */; };
		2365AE1C2464DDC800112FB2 /* GetSpeciesEntitiesWebService.swift in Sources */ = {isa = PBXBuildFile; fileRef = 2365AE1B2464DDC800112FB2 /* GetSpeciesEntitiesWebService.swift */; };
		2365AE1E2464DDDE00112FB2 /* GetFilmEntitiesWebService.swift in Sources */ = {isa = PBXBuildFile; fileRef = 2365AE1D2464DDDE00112FB2 /* GetFilmEntitiesWebService.swift */; };
		2365AE2024651DDC00112FB2 /* WorkerFactory.swift in Sources */ = {isa = PBXBuildFile; fileRef = 2365AE1F24651DDC00112FB2 /* WorkerFactory.swift */; };
		2365AE222465225900112FB2 /* EntitiesDataSourceFactory.swift in Sources */ = {isa = PBXBuildFile; fileRef = 2365AE212465225900112FB2 /* EntitiesDataSourceFactory.swift */; };
		2365AE2424653E3900112FB2 /* FilmTypeCollectionViewDataSource.swift in Sources */ = {isa = PBXBuildFile; fileRef = 2365AE2324653E3900112FB2 /* FilmTypeCollectionViewDataSource.swift */; };
		2365AE262465415200112FB2 /* PlanetCategoryCollectionViewDataSource.swift in Sources */ = {isa = PBXBuildFile; fileRef = 2365AE252465415200112FB2 /* PlanetCategoryCollectionViewDataSource.swift */; };
		2365AE2924654E4600112FB2 /* SWDetailsViewController.xib in Resources */ = {isa = PBXBuildFile; fileRef = 2365AE2824654E4600112FB2 /* SWDetailsViewController.xib */; };
		2365AE2C2465ECF700112FB2 /* PeopleViewModel.swift in Sources */ = {isa = PBXBuildFile; fileRef = 2365AE2B2465ECF700112FB2 /* PeopleViewModel.swift */; };
		23A4DCC1246610E4001FEB66 /* CacheManager.swift in Sources */ = {isa = PBXBuildFile; fileRef = 23A4DCC0246610E4001FEB66 /* CacheManager.swift */; };
		23A4DCC324661830001FEB66 /* RelatedEntityViewModel.swift in Sources */ = {isa = PBXBuildFile; fileRef = 23A4DCC224661830001FEB66 /* RelatedEntityViewModel.swift */; };
		23A4DCC82468C327001FEB66 /* SWEntitiesCollectionViewController.xib in Resources */ = {isa = PBXBuildFile; fileRef = 23A4DCC62468C327001FEB66 /* SWEntitiesCollectionViewController.xib */; };
		23A4DCC92468C327001FEB66 /* SWEntitiesCollectionViewController.swift in Sources */ = {isa = PBXBuildFile; fileRef = 23A4DCC72468C327001FEB66 /* SWEntitiesCollectionViewController.swift */; };
		23EB8D38245F9A4E00686529 /* STJEDISE.TTF in Resources */ = {isa = PBXBuildFile; fileRef = 23EB8D23245F9A4E00686529 /* STJEDISE.TTF */; };
		23EB8D3A245F9A4E00686529 /* Strjmono.ttf in Resources */ = {isa = PBXBuildFile; fileRef = 23EB8D26245F9A4E00686529 /* Strjmono.ttf */; };
		23EB8D3C245F9A4E00686529 /* Stjldbl2.ttf in Resources */ = {isa = PBXBuildFile; fileRef = 23EB8D28245F9A4E00686529 /* Stjldbl2.ttf */; };
		23EB8D4A245F9D3D00686529 /* SWAllCategoryCollectionViewDataSource.swift in Sources */ = {isa = PBXBuildFile; fileRef = 23EB8D49245F9D3D00686529 /* SWAllCategoryCollectionViewDataSource.swift */; };
		23EB8D4D245FA03A00686529 /* SWEntityType.swift in Sources */ = {isa = PBXBuildFile; fileRef = 23EB8D4C245FA03A00686529 /* SWEntityType.swift */; };
		23EB8D51245FBE4D00686529 /* UIColor+Random.swift in Sources */ = {isa = PBXBuildFile; fileRef = 23EB8D50245FBE4D00686529 /* UIColor+Random.swift */; };
		23EB8D58245FE44B00686529 /* SWDetailsViewController.swift in Sources */ = {isa = PBXBuildFile; fileRef = 23EB8D57245FE44B00686529 /* SWDetailsViewController.swift */; };
		23EB8D5B245FF31500686529 /* People.swift in Sources */ = {isa = PBXBuildFile; fileRef = 23EB8D5A245FF31500686529 /* People.swift */; };
		23EB8D5D245FF4F500686529 /* Film.swift in Sources */ = {isa = PBXBuildFile; fileRef = 23EB8D5C245FF4F500686529 /* Film.swift */; };
		23EB8D5F245FF8AB00686529 /* Species.swift in Sources */ = {isa = PBXBuildFile; fileRef = 23EB8D5E245FF8AB00686529 /* Species.swift */; };
		23EB8D61245FF8B600686529 /* Planet.swift in Sources */ = {isa = PBXBuildFile; fileRef = 23EB8D60245FF8B600686529 /* Planet.swift */; };
		23EB8D63245FF8E100686529 /* Vehicle.swift in Sources */ = {isa = PBXBuildFile; fileRef = 23EB8D62245FF8E100686529 /* Vehicle.swift */; };
		23EB8D65245FF8FE00686529 /* Starship.swift in Sources */ = {isa = PBXBuildFile; fileRef = 23EB8D64245FF8FE00686529 /* Starship.swift */; };
		23F5B6672460DCA600A5FE6C /* SWEntitiesCollectionViewDataSource.swift in Sources */ = {isa = PBXBuildFile; fileRef = 23F5B6662460DCA600A5FE6C /* SWEntitiesCollectionViewDataSource.swift */; };
		23F5B6772460EF0F00A5FE6C /* SWCategoriesWebService.swift in Sources */ = {isa = PBXBuildFile; fileRef = 23F5B66C2460EF0F00A5FE6C /* SWCategoriesWebService.swift */; };
		23F5B6782460EF0F00A5FE6C /* HTTPConstants.swift in Sources */ = {isa = PBXBuildFile; fileRef = 23F5B66E2460EF0F00A5FE6C /* HTTPConstants.swift */; };
		23F5B6792460EF0F00A5FE6C /* APIError.swift in Sources */ = {isa = PBXBuildFile; fileRef = 23F5B66F2460EF0F00A5FE6C /* APIError.swift */; };
		23F5B67A2460EF0F00A5FE6C /* Request+Response.swift in Sources */ = {isa = PBXBuildFile; fileRef = 23F5B6702460EF0F00A5FE6C /* Request+Response.swift */; };
		23F5B67B2460EF0F00A5FE6C /* WebServiceResult.swift in Sources */ = {isa = PBXBuildFile; fileRef = 23F5B6712460EF0F00A5FE6C /* WebServiceResult.swift */; };
		23F5B67C2460EF0F00A5FE6C /* WebService.swift in Sources */ = {isa = PBXBuildFile; fileRef = 23F5B6722460EF0F00A5FE6C /* WebService.swift */; };
		23F5B67D2460EF0F00A5FE6C /* WebServiceConfiguration.swift in Sources */ = {isa = PBXBuildFile; fileRef = 23F5B6732460EF0F00A5FE6C /* WebServiceConfiguration.swift */; };
		23F5B67E2460EF0F00A5FE6C /* SWWebServiceCaller.swift in Sources */ = {isa = PBXBuildFile; fileRef = 23F5B6742460EF0F00A5FE6C /* SWWebServiceCaller.swift */; };
		23F5B68224615A7800A5FE6C /* ResponseSerializer.swift in Sources */ = {isa = PBXBuildFile; fileRef = 23F5B68124615A7800A5FE6C /* ResponseSerializer.swift */; };
		23F5B6842462695100A5FE6C /* SWEntity.swift in Sources */ = {isa = PBXBuildFile; fileRef = 23F5B6832462695100A5FE6C /* SWEntity.swift */; };
		7F0B1054C0C22BB0C8CF9496 /* Pods_RogueOne.framework in Frameworks */ = {isa = PBXBuildFile; fileRef = 613D53EFF22046EAD9293CB9 /* Pods_RogueOne.framework */; };
		7F4074E6246F39D4006AC6D2 /* StarshipTypeCollectionViewDataSource.swift in Sources */ = {isa = PBXBuildFile; fileRef = 7F4074E5246F39D4006AC6D2 /* StarshipTypeCollectionViewDataSource.swift */; };
/* End PBXBuildFile section */

/* Begin PBXFileReference section */
		1024548505645B8ED4B2D0F4 /* Pods-RogueOne.debug.xcconfig */ = {isa = PBXFileReference; includeInIndex = 1; lastKnownFileType = text.xcconfig; name = "Pods-RogueOne.debug.xcconfig"; path = "Target Support Files/Pods-RogueOne/Pods-RogueOne.debug.xcconfig"; sourceTree = "<group>"; };
		2273F128819538D801EB1C18 /* Pods-RogueOne.release.xcconfig */ = {isa = PBXFileReference; includeInIndex = 1; lastKnownFileType = text.xcconfig; name = "Pods-RogueOne.release.xcconfig"; path = "Target Support Files/Pods-RogueOne/Pods-RogueOne.release.xcconfig"; sourceTree = "<group>"; };
		230B060A246F30D400F5F8CB /* GetVehiclesWorker.swift */ = {isa = PBXFileReference; lastKnownFileType = sourcecode.swift; path = GetVehiclesWorker.swift; sourceTree = "<group>"; };
		230B060C246F310100F5F8CB /* GelFilmsWorker.swift */ = {isa = PBXFileReference; lastKnownFileType = sourcecode.swift; path = GelFilmsWorker.swift; sourceTree = "<group>"; };
		230B060E246F313400F5F8CB /* GetPlanetsWorker.swift */ = {isa = PBXFileReference; lastKnownFileType = sourcecode.swift; path = GetPlanetsWorker.swift; sourceTree = "<group>"; };
		230B0610246F315400F5F8CB /* GetStarshipsWorker.swift */ = {isa = PBXFileReference; lastKnownFileType = sourcecode.swift; path = GetStarshipsWorker.swift; sourceTree = "<group>"; };
		230B0612246F316F00F5F8CB /* GetSpeciesWorker.swift */ = {isa = PBXFileReference; lastKnownFileType = sourcecode.swift; path = GetSpeciesWorker.swift; sourceTree = "<group>"; };
		230F1AFE246333690045D8B1 /* GetPeoplesWorker.swift */ = {isa = PBXFileReference; lastKnownFileType = sourcecode.swift; path = GetPeoplesWorker.swift; sourceTree = "<group>"; };
		230F1B0224633FE20045D8B1 /* Constants.swift */ = {isa = PBXFileReference; lastKnownFileType = sourcecode.swift; path = Constants.swift; sourceTree = "<group>"; };
		230F1B052463473D0045D8B1 /* SWEntityCollectionViewCell.xib */ = {isa = PBXFileReference; fileEncoding = 4; lastKnownFileType = file.xib; path = SWEntityCollectionViewCell.xib; sourceTree = "<group>"; };
		230F1B062463473D0045D8B1 /* SWEntityCollectionViewCell.swift */ = {isa = PBXFileReference; fileEncoding = 4; lastKnownFileType = sourcecode.swift; path = SWEntityCollectionViewCell.swift; sourceTree = "<group>"; };
		2319B2B0245F601B00EEAF84 /* RogueOne.app */ = {isa = PBXFileReference; explicitFileType = wrapper.application; includeInIndex = 0; path = RogueOne.app; sourceTree = BUILT_PRODUCTS_DIR; };
		2319B2B3245F601B00EEAF84 /* AppDelegate.swift */ = {isa = PBXFileReference; lastKnownFileType = sourcecode.swift; path = AppDelegate.swift; sourceTree = "<group>"; };
		2319B2B5245F601B00EEAF84 /* SceneDelegate.swift */ = {isa = PBXFileReference; lastKnownFileType = sourcecode.swift; path = SceneDelegate.swift; sourceTree = "<group>"; };
		2319B2B7245F601B00EEAF84 /* SWCategoriesCollectionViewController.swift */ = {isa = PBXFileReference; lastKnownFileType = sourcecode.swift; path = SWCategoriesCollectionViewController.swift; sourceTree = "<group>"; };
		2319B2BA245F601B00EEAF84 /* Base */ = {isa = PBXFileReference; lastKnownFileType = file.storyboard; name = Base; path = Base.lproj/Main.storyboard; sourceTree = "<group>"; };
		2319B2BC245F601C00EEAF84 /* Assets.xcassets */ = {isa = PBXFileReference; lastKnownFileType = folder.assetcatalog; path = Assets.xcassets; sourceTree = "<group>"; };
		2319B2BF245F601C00EEAF84 /* Base */ = {isa = PBXFileReference; lastKnownFileType = file.storyboard; name = Base; path = Base.lproj/LaunchScreen.storyboard; sourceTree = "<group>"; };
		2319B2C1245F601C00EEAF84 /* Info.plist */ = {isa = PBXFileReference; lastKnownFileType = text.plist.xml; path = Info.plist; sourceTree = "<group>"; };
		2319B2C7245F643700EEAF84 /* SWCategoryCollectionViewCell.swift */ = {isa = PBXFileReference; lastKnownFileType = sourcecode.swift; path = SWCategoryCollectionViewCell.swift; sourceTree = "<group>"; };
		2319B2C8245F643700EEAF84 /* SWCategoryCollectionViewCell.xib */ = {isa = PBXFileReference; lastKnownFileType = file.xib; path = SWCategoryCollectionViewCell.xib; sourceTree = "<group>"; };
		2365AE0E2464AEB700112FB2 /* PeopleTypeCollectionViewDataSource.swift */ = {isa = PBXFileReference; lastKnownFileType = sourcecode.swift; path = PeopleTypeCollectionViewDataSource.swift; sourceTree = "<group>"; };
		2365AE102464C62000112FB2 /* SWEntitiesResponse.swift */ = {isa = PBXFileReference; lastKnownFileType = sourcecode.swift; path = SWEntitiesResponse.swift; sourceTree = "<group>"; };
		2365AE132464DC4B00112FB2 /* GetPeopleEntitiesWebService.swift */ = {isa = PBXFileReference; lastKnownFileType = sourcecode.swift; path = GetPeopleEntitiesWebService.swift; sourceTree = "<group>"; };
		2365AE152464DC8000112FB2 /* GetPlanetEntitiesWebService.swift */ = {isa = PBXFileReference; lastKnownFileType = sourcecode.swift; path = GetPlanetEntitiesWebService.swift; sourceTree = "<group>"; };
		2365AE172464DDA000112FB2 /* GetVehicleEntitiesWebService.swift */ = {isa = PBXFileReference; lastKnownFileType = sourcecode.swift; path = GetVehicleEntitiesWebService.swift; sourceTree = "<group>"; };
		2365AE192464DDB500112FB2 /* GetStarshipEntitiesWebService.swift */ = {isa = PBXFileReference; lastKnownFileType = sourcecode.swift; path = GetStarshipEntitiesWebService.swift; sourceTree = "<group>"; };
		2365AE1B2464DDC800112FB2 /* GetSpeciesEntitiesWebService.swift */ = {isa = PBXFileReference; lastKnownFileType = sourcecode.swift; path = GetSpeciesEntitiesWebService.swift; sourceTree = "<group>"; };
		2365AE1D2464DDDE00112FB2 /* GetFilmEntitiesWebService.swift */ = {isa = PBXFileReference; lastKnownFileType = sourcecode.swift; path = GetFilmEntitiesWebService.swift; sourceTree = "<group>"; };
		2365AE1F24651DDC00112FB2 /* WorkerFactory.swift */ = {isa = PBXFileReference; lastKnownFileType = sourcecode.swift; path = WorkerFactory.swift; sourceTree = "<group>"; };
		2365AE212465225900112FB2 /* EntitiesDataSourceFactory.swift */ = {isa = PBXFileReference; lastKnownFileType = sourcecode.swift; path = EntitiesDataSourceFactory.swift; sourceTree = "<group>"; };
		2365AE2324653E3900112FB2 /* FilmTypeCollectionViewDataSource.swift */ = {isa = PBXFileReference; lastKnownFileType = sourcecode.swift; path = FilmTypeCollectionViewDataSource.swift; sourceTree = "<group>"; };
		2365AE252465415200112FB2 /* PlanetCategoryCollectionViewDataSource.swift */ = {isa = PBXFileReference; lastKnownFileType = sourcecode.swift; path = PlanetCategoryCollectionViewDataSource.swift; sourceTree = "<group>"; };
		2365AE2824654E4600112FB2 /* SWDetailsViewController.xib */ = {isa = PBXFileReference; lastKnownFileType = file.xib; path = SWDetailsViewController.xib; sourceTree = "<group>"; };
		2365AE2B2465ECF700112FB2 /* PeopleViewModel.swift */ = {isa = PBXFileReference; lastKnownFileType = sourcecode.swift; path = PeopleViewModel.swift; sourceTree = "<group>"; };
		23A4DCC0246610E4001FEB66 /* CacheManager.swift */ = {isa = PBXFileReference; lastKnownFileType = sourcecode.swift; path = CacheManager.swift; sourceTree = "<group>"; };
		23A4DCC224661830001FEB66 /* RelatedEntityViewModel.swift */ = {isa = PBXFileReference; lastKnownFileType = sourcecode.swift; path = RelatedEntityViewModel.swift; sourceTree = "<group>"; };
		23A4DCC52468B7E0001FEB66 /* TODO.md */ = {isa = PBXFileReference; lastKnownFileType = net.daringfireball.markdown; path = TODO.md; sourceTree = "<group>"; };
		23A4DCC62468C327001FEB66 /* SWEntitiesCollectionViewController.xib */ = {isa = PBXFileReference; fileEncoding = 4; lastKnownFileType = file.xib; path = SWEntitiesCollectionViewController.xib; sourceTree = "<group>"; };
		23A4DCC72468C327001FEB66 /* SWEntitiesCollectionViewController.swift */ = {isa = PBXFileReference; fileEncoding = 4; lastKnownFileType = sourcecode.swift; path = SWEntitiesCollectionViewController.swift; sourceTree = "<group>"; };
		23EB8D23245F9A4E00686529 /* STJEDISE.TTF */ = {isa = PBXFileReference; lastKnownFileType = file; path = STJEDISE.TTF; sourceTree = "<group>"; };
		23EB8D26245F9A4E00686529 /* Strjmono.ttf */ = {isa = PBXFileReference; lastKnownFileType = file; path = Strjmono.ttf; sourceTree = "<group>"; };
		23EB8D28245F9A4E00686529 /* Stjldbl2.ttf */ = {isa = PBXFileReference; lastKnownFileType = file; path = Stjldbl2.ttf; sourceTree = "<group>"; };
		23EB8D49245F9D3D00686529 /* SWAllCategoryCollectionViewDataSource.swift */ = {isa = PBXFileReference; lastKnownFileType = sourcecode.swift; path = SWAllCategoryCollectionViewDataSource.swift; sourceTree = "<group>"; };
		23EB8D4C245FA03A00686529 /* SWEntityType.swift */ = {isa = PBXFileReference; lastKnownFileType = sourcecode.swift; path = SWEntityType.swift; sourceTree = "<group>"; };
		23EB8D50245FBE4D00686529 /* UIColor+Random.swift */ = {isa = PBXFileReference; lastKnownFileType = sourcecode.swift; path = "UIColor+Random.swift"; sourceTree = "<group>"; };
		23EB8D57245FE44B00686529 /* SWDetailsViewController.swift */ = {isa = PBXFileReference; lastKnownFileType = sourcecode.swift; path = SWDetailsViewController.swift; sourceTree = "<group>"; };
		23EB8D5A245FF31500686529 /* People.swift */ = {isa = PBXFileReference; lastKnownFileType = sourcecode.swift; path = People.swift; sourceTree = "<group>"; };
		23EB8D5C245FF4F500686529 /* Film.swift */ = {isa = PBXFileReference; lastKnownFileType = sourcecode.swift; path = Film.swift; sourceTree = "<group>"; };
		23EB8D5E245FF8AB00686529 /* Species.swift */ = {isa = PBXFileReference; lastKnownFileType = sourcecode.swift; path = Species.swift; sourceTree = "<group>"; };
		23EB8D60245FF8B600686529 /* Planet.swift */ = {isa = PBXFileReference; lastKnownFileType = sourcecode.swift; path = Planet.swift; sourceTree = "<group>"; };
		23EB8D62245FF8E100686529 /* Vehicle.swift */ = {isa = PBXFileReference; lastKnownFileType = sourcecode.swift; path = Vehicle.swift; sourceTree = "<group>"; };
		23EB8D64245FF8FE00686529 /* Starship.swift */ = {isa = PBXFileReference; lastKnownFileType = sourcecode.swift; path = Starship.swift; sourceTree = "<group>"; };
		23F5B6662460DCA600A5FE6C /* SWEntitiesCollectionViewDataSource.swift */ = {isa = PBXFileReference; lastKnownFileType = sourcecode.swift; path = SWEntitiesCollectionViewDataSource.swift; sourceTree = "<group>"; };
		23F5B66C2460EF0F00A5FE6C /* SWCategoriesWebService.swift */ = {isa = PBXFileReference; fileEncoding = 4; lastKnownFileType = sourcecode.swift; name = SWCategoriesWebService.swift; path = Webservice/SWCategoriesWebService.swift; sourceTree = "<group>"; };
		23F5B66E2460EF0F00A5FE6C /* HTTPConstants.swift */ = {isa = PBXFileReference; fileEncoding = 4; lastKnownFileType = sourcecode.swift; path = HTTPConstants.swift; sourceTree = "<group>"; };
		23F5B66F2460EF0F00A5FE6C /* APIError.swift */ = {isa = PBXFileReference; fileEncoding = 4; lastKnownFileType = sourcecode.swift; path = APIError.swift; sourceTree = "<group>"; };
		23F5B6702460EF0F00A5FE6C /* Request+Response.swift */ = {isa = PBXFileReference; fileEncoding = 4; lastKnownFileType = sourcecode.swift; path = "Request+Response.swift"; sourceTree = "<group>"; };
		23F5B6712460EF0F00A5FE6C /* WebServiceResult.swift */ = {isa = PBXFileReference; fileEncoding = 4; lastKnownFileType = sourcecode.swift; path = WebServiceResult.swift; sourceTree = "<group>"; };
		23F5B6722460EF0F00A5FE6C /* WebService.swift */ = {isa = PBXFileReference; fileEncoding = 4; lastKnownFileType = sourcecode.swift; path = WebService.swift; sourceTree = "<group>"; };
		23F5B6732460EF0F00A5FE6C /* WebServiceConfiguration.swift */ = {isa = PBXFileReference; fileEncoding = 4; lastKnownFileType = sourcecode.swift; path = WebServiceConfiguration.swift; sourceTree = "<group>"; };
		23F5B6742460EF0F00A5FE6C /* SWWebServiceCaller.swift */ = {isa = PBXFileReference; fileEncoding = 4; lastKnownFileType = sourcecode.swift; path = SWWebServiceCaller.swift; sourceTree = "<group>"; };
		23F5B68124615A7800A5FE6C /* ResponseSerializer.swift */ = {isa = PBXFileReference; lastKnownFileType = sourcecode.swift; path = ResponseSerializer.swift; sourceTree = "<group>"; };
		23F5B6832462695100A5FE6C /* SWEntity.swift */ = {isa = PBXFileReference; lastKnownFileType = sourcecode.swift; path = SWEntity.swift; sourceTree = "<group>"; };
		613D53EFF22046EAD9293CB9 /* Pods_RogueOne.framework */ = {isa = PBXFileReference; explicitFileType = wrapper.framework; includeInIndex = 0; path = Pods_RogueOne.framework; sourceTree = BUILT_PRODUCTS_DIR; };
		7F4074E5246F39D4006AC6D2 /* StarshipTypeCollectionViewDataSource.swift */ = {isa = PBXFileReference; lastKnownFileType = sourcecode.swift; path = StarshipTypeCollectionViewDataSource.swift; sourceTree = "<group>"; };
/* End PBXFileReference section */

/* Begin PBXFrameworksBuildPhase section */
		2319B2AD245F601B00EEAF84 /* Frameworks */ = {
			isa = PBXFrameworksBuildPhase;
			buildActionMask = 2147483647;
			files = (
				7F0B1054C0C22BB0C8CF9496 /* Pods_RogueOne.framework in Frameworks */,
			);
			runOnlyForDeploymentPostprocessing = 0;
		};
/* End PBXFrameworksBuildPhase section */

/* Begin PBXGroup section */
		230F1B04246346F20045D8B1 /* Cell */ = {
			isa = PBXGroup;
			children = (
				230F1B062463473D0045D8B1 /* SWEntityCollectionViewCell.swift */,
				230F1B052463473D0045D8B1 /* SWEntityCollectionViewCell.xib */,
			);
			path = Cell;
			sourceTree = "<group>";
		};
		230F1B0924634C9D0045D8B1 /* Categories */ = {
			isa = PBXGroup;
			children = (
				2319B2B7245F601B00EEAF84 /* SWCategoriesCollectionViewController.swift */,
				2319B2C7245F643700EEAF84 /* SWCategoryCollectionViewCell.swift */,
				2319B2C8245F643700EEAF84 /* SWCategoryCollectionViewCell.xib */,
				23EB8D49245F9D3D00686529 /* SWAllCategoryCollectionViewDataSource.swift */,
			);
			path = Categories;
			sourceTree = "<group>";
		};
		2319B2A7245F601B00EEAF84 = {
			isa = PBXGroup;
			children = (
				23A4DCC52468B7E0001FEB66 /* TODO.md */,
				2319B2B2245F601B00EEAF84 /* RogueOne */,
				2319B2B1245F601B00EEAF84 /* Products */,
				E1393E374F25D24B8843FE8C /* Pods */,
				8A0CEFDE2FE106B1266AB025 /* Frameworks */,
			);
			sourceTree = "<group>";
		};
		2319B2B1245F601B00EEAF84 /* Products */ = {
			isa = PBXGroup;
			children = (
				2319B2B0245F601B00EEAF84 /* RogueOne.app */,
			);
			name = Products;
			sourceTree = "<group>";
		};
		2319B2B2245F601B00EEAF84 /* RogueOne */ = {
			isa = PBXGroup;
			children = (
				23A4DCBF246610C4001FEB66 /* LocalCache */,
				2365AE2A2465ECC800112FB2 /* ViewModel */,
				23F5B66A2460EEF300A5FE6C /* WebService */,
				23F5B6682460DD3800A5FE6C /* Worker */,
				23EB8D59245FF30100686529 /* Model */,
				23EB8D52245FE2AC00686529 /* Entity */,
				23EB8D1F245F9A3D00686529 /* Fonts */,
				2319B2B3245F601B00EEAF84 /* AppDelegate.swift */,
				2319B2B5245F601B00EEAF84 /* SceneDelegate.swift */,
				2319B2B9245F601B00EEAF84 /* Main.storyboard */,
				2319B2BC245F601C00EEAF84 /* Assets.xcassets */,
				2319B2BE245F601C00EEAF84 /* LaunchScreen.storyboard */,
				2319B2C1245F601C00EEAF84 /* Info.plist */,
				230F1B0924634C9D0045D8B1 /* Categories */,
				230F1B0224633FE20045D8B1 /* Constants.swift */,
			);
			path = RogueOne;
			sourceTree = "<group>";
		};
		2365AE272465437700112FB2 /* DataSource */ = {
			isa = PBXGroup;
			children = (
				2365AE212465225900112FB2 /* EntitiesDataSourceFactory.swift */,
				23F5B6662460DCA600A5FE6C /* SWEntitiesCollectionViewDataSource.swift */,
				2365AE0E2464AEB700112FB2 /* PeopleTypeCollectionViewDataSource.swift */,
				2365AE2324653E3900112FB2 /* FilmTypeCollectionViewDataSource.swift */,
				2365AE252465415200112FB2 /* PlanetCategoryCollectionViewDataSource.swift */,
				7F4074E5246F39D4006AC6D2 /* StarshipTypeCollectionViewDataSource.swift */,
			);
			path = DataSource;
			sourceTree = "<group>";
		};
		2365AE2A2465ECC800112FB2 /* ViewModel */ = {
			isa = PBXGroup;
			children = (
				2365AE2B2465ECF700112FB2 /* PeopleViewModel.swift */,
				23A4DCC224661830001FEB66 /* RelatedEntityViewModel.swift */,
			);
			path = ViewModel;
			sourceTree = "<group>";
		};
		23A4DCBF246610C4001FEB66 /* LocalCache */ = {
			isa = PBXGroup;
			children = (
				23A4DCC0246610E4001FEB66 /* CacheManager.swift */,
			);
			path = LocalCache;
			sourceTree = "<group>";
		};
		23EB8D1F245F9A3D00686529 /* Fonts */ = {
			isa = PBXGroup;
			children = (
				23EB8D20245F9A4E00686529 /* star_jedi */,
				23EB8D50245FBE4D00686529 /* UIColor+Random.swift */,
			);
			path = Fonts;
			sourceTree = "<group>";
		};
		23EB8D20245F9A4E00686529 /* star_jedi */ = {
			isa = PBXGroup;
			children = (
				23EB8D21245F9A4E00686529 /* stjedise */,
				23EB8D25245F9A4E00686529 /* stjelogo */,
			);
			path = star_jedi;
			sourceTree = "<group>";
		};
		23EB8D21245F9A4E00686529 /* stjedise */ = {
			isa = PBXGroup;
			children = (
				23EB8D23245F9A4E00686529 /* STJEDISE.TTF */,
			);
			path = stjedise;
			sourceTree = "<group>";
		};
		23EB8D25245F9A4E00686529 /* stjelogo */ = {
			isa = PBXGroup;
			children = (
				23EB8D26245F9A4E00686529 /* Strjmono.ttf */,
				23EB8D28245F9A4E00686529 /* Stjldbl2.ttf */,
			);
			path = stjelogo;
			sourceTree = "<group>";
		};
		23EB8D52245FE2AC00686529 /* Entity */ = {
			isa = PBXGroup;
			children = (
				23A4DCC72468C327001FEB66 /* SWEntitiesCollectionViewController.swift */,
				23A4DCC62468C327001FEB66 /* SWEntitiesCollectionViewController.xib */,
				2365AE272465437700112FB2 /* DataSource */,
				230F1B04246346F20045D8B1 /* Cell */,
				23EB8D57245FE44B00686529 /* SWDetailsViewController.swift */,
				2365AE2824654E4600112FB2 /* SWDetailsViewController.xib */,
			);
			path = Entity;
			sourceTree = "<group>";
		};
		23EB8D59245FF30100686529 /* Model */ = {
			isa = PBXGroup;
			children = (
				23EB8D4C245FA03A00686529 /* SWEntityType.swift */,
				23EB8D5A245FF31500686529 /* People.swift */,
				23EB8D5C245FF4F500686529 /* Film.swift */,
				23EB8D5E245FF8AB00686529 /* Species.swift */,
				23EB8D60245FF8B600686529 /* Planet.swift */,
				23EB8D62245FF8E100686529 /* Vehicle.swift */,
				23EB8D64245FF8FE00686529 /* Starship.swift */,
				23F5B6832462695100A5FE6C /* SWEntity.swift */,
			);
			path = Model;
			sourceTree = "<group>";
		};
		23F5B6682460DD3800A5FE6C /* Worker */ = {
			isa = PBXGroup;
			children = (
				230F1AFE246333690045D8B1 /* GetPeoplesWorker.swift */,
				2365AE1F24651DDC00112FB2 /* WorkerFactory.swift */,
				230B060A246F30D400F5F8CB /* GetVehiclesWorker.swift */,
				230B060C246F310100F5F8CB /* GelFilmsWorker.swift */,
				230B060E246F313400F5F8CB /* GetPlanetsWorker.swift */,
				230B0610246F315400F5F8CB /* GetStarshipsWorker.swift */,
				230B0612246F316F00F5F8CB /* GetSpeciesWorker.swift */,
			);
			path = Worker;
			sourceTree = "<group>";
		};
		23F5B66A2460EEF300A5FE6C /* WebService */ = {
			isa = PBXGroup;
			children = (
				23F5B66D2460EF0F00A5FE6C /* Base */,
				2365AE1B2464DDC800112FB2 /* GetSpeciesEntitiesWebService.swift */,
				23F5B66C2460EF0F00A5FE6C /* SWCategoriesWebService.swift */,
				2365AE132464DC4B00112FB2 /* GetPeopleEntitiesWebService.swift */,
				2365AE152464DC8000112FB2 /* GetPlanetEntitiesWebService.swift */,
				2365AE172464DDA000112FB2 /* GetVehicleEntitiesWebService.swift */,
				2365AE192464DDB500112FB2 /* GetStarshipEntitiesWebService.swift */,
				2365AE1D2464DDDE00112FB2 /* GetFilmEntitiesWebService.swift */,
			);
			name = WebService;
			sourceTree = "<group>";
		};
		23F5B66D2460EF0F00A5FE6C /* Base */ = {
			isa = PBXGroup;
			children = (
				23F5B66E2460EF0F00A5FE6C /* HTTPConstants.swift */,
				23F5B66F2460EF0F00A5FE6C /* APIError.swift */,
				23F5B6702460EF0F00A5FE6C /* Request+Response.swift */,
				23F5B6712460EF0F00A5FE6C /* WebServiceResult.swift */,
				23F5B6722460EF0F00A5FE6C /* WebService.swift */,
				23F5B6732460EF0F00A5FE6C /* WebServiceConfiguration.swift */,
				23F5B6742460EF0F00A5FE6C /* SWWebServiceCaller.swift */,
				23F5B68124615A7800A5FE6C /* ResponseSerializer.swift */,
				2365AE102464C62000112FB2 /* SWEntitiesResponse.swift */,
			);
			name = Base;
			path = Webservice/Base;
			sourceTree = "<group>";
		};
		8A0CEFDE2FE106B1266AB025 /* Frameworks */ = {
			isa = PBXGroup;
			children = (
				613D53EFF22046EAD9293CB9 /* Pods_RogueOne.framework */,
			);
			name = Frameworks;
			sourceTree = "<group>";
		};
		E1393E374F25D24B8843FE8C /* Pods */ = {
			isa = PBXGroup;
			children = (
				1024548505645B8ED4B2D0F4 /* Pods-RogueOne.debug.xcconfig */,
				2273F128819538D801EB1C18 /* Pods-RogueOne.release.xcconfig */,
			);
			path = Pods;
			sourceTree = "<group>";
		};
/* End PBXGroup section */

/* Begin PBXNativeTarget section */
		2319B2AF245F601B00EEAF84 /* RogueOne */ = {
			isa = PBXNativeTarget;
			buildConfigurationList = 2319B2C4245F601C00EEAF84 /* Build configuration list for PBXNativeTarget "RogueOne" */;
			buildPhases = (
				2CBB082E723F2A833C5EA22C /* [CP] Check Pods Manifest.lock */,
				2319B2AC245F601B00EEAF84 /* Sources */,
				2319B2AD245F601B00EEAF84 /* Frameworks */,
				2319B2AE245F601B00EEAF84 /* Resources */,
				C658F77ADA97994C09708E71 /* [CP] Embed Pods Frameworks */,
			);
			buildRules = (
			);
			dependencies = (
			);
			name = RogueOne;
			productName = BabyYoda;
			productReference = 2319B2B0245F601B00EEAF84 /* RogueOne.app */;
			productType = "com.apple.product-type.application";
		};
/* End PBXNativeTarget section */

/* Begin PBXProject section */
		2319B2A8245F601B00EEAF84 /* Project object */ = {
			isa = PBXProject;
			attributes = {
				LastSwiftUpdateCheck = 1140;
				LastUpgradeCheck = 1140;
				ORGANIZATIONNAME = "Dhaval Shah";
				TargetAttributes = {
					2319B2AF245F601B00EEAF84 = {
						CreatedOnToolsVersion = 11.4.1;
					};
				};
			};
			buildConfigurationList = 2319B2AB245F601B00EEAF84 /* Build configuration list for PBXProject "RogueOne" */;
			compatibilityVersion = "Xcode 9.3";
			developmentRegion = en;
			hasScannedForEncodings = 0;
			knownRegions = (
				en,
				Base,
			);
			mainGroup = 2319B2A7245F601B00EEAF84;
			productRefGroup = 2319B2B1245F601B00EEAF84 /* Products */;
			projectDirPath = "";
			projectRoot = "";
			targets = (
				2319B2AF245F601B00EEAF84 /* RogueOne */,
			);
		};
/* End PBXProject section */

/* Begin PBXResourcesBuildPhase section */
		2319B2AE245F601B00EEAF84 /* Resources */ = {
			isa = PBXResourcesBuildPhase;
			buildActionMask = 2147483647;
			files = (
				2319B2C0245F601C00EEAF84 /* LaunchScreen.storyboard in Resources */,
				23EB8D38245F9A4E00686529 /* STJEDISE.TTF in Resources */,
				2319B2CA245F643700EEAF84 /* SWCategoryCollectionViewCell.xib in Resources */,
				23EB8D3C245F9A4E00686529 /* Stjldbl2.ttf in Resources */,
				230F1B072463473D0045D8B1 /* SWEntityCollectionViewCell.xib in Resources */,
				23A4DCC82468C327001FEB66 /* SWEntitiesCollectionViewController.xib in Resources */,
				23EB8D3A245F9A4E00686529 /* Strjmono.ttf in Resources */,
				2319B2BD245F601C00EEAF84 /* Assets.xcassets in Resources */,
				2365AE2924654E4600112FB2 /* SWDetailsViewController.xib in Resources */,
				2319B2BB245F601B00EEAF84 /* Main.storyboard in Resources */,
			);
			runOnlyForDeploymentPostprocessing = 0;
		};
/* End PBXResourcesBuildPhase section */

/* Begin PBXShellScriptBuildPhase section */
		2CBB082E723F2A833C5EA22C /* [CP] Check Pods Manifest.lock */ = {
			isa = PBXShellScriptBuildPhase;
			buildActionMask = 2147483647;
			files = (
			);
			inputFileListPaths = (
			);
			inputPaths = (
				"${PODS_PODFILE_DIR_PATH}/Podfile.lock",
				"${PODS_ROOT}/Manifest.lock",
			);
			name = "[CP] Check Pods Manifest.lock";
			outputFileListPaths = (
			);
			outputPaths = (
				"$(DERIVED_FILE_DIR)/Pods-RogueOne-checkManifestLockResult.txt",
			);
			runOnlyForDeploymentPostprocessing = 0;
			shellPath = /bin/sh;
			shellScript = "diff \"${PODS_PODFILE_DIR_PATH}/Podfile.lock\" \"${PODS_ROOT}/Manifest.lock\" > /dev/null\nif [ $? != 0 ] ; then\n    # print error to STDERR\n    echo \"error: The sandbox is not in sync with the Podfile.lock. Run 'pod install' or update your CocoaPods installation.\" >&2\n    exit 1\nfi\n# This output is used by Xcode 'outputs' to avoid re-running this script phase.\necho \"SUCCESS\" > \"${SCRIPT_OUTPUT_FILE_0}\"\n";
			showEnvVarsInLog = 0;
		};
		C658F77ADA97994C09708E71 /* [CP] Embed Pods Frameworks */ = {
			isa = PBXShellScriptBuildPhase;
			buildActionMask = 2147483647;
			files = (
			);
			inputFileListPaths = (
				"${PODS_ROOT}/Target Support Files/Pods-RogueOne/Pods-RogueOne-frameworks-${CONFIGURATION}-input-files.xcfilelist",
			);
			name = "[CP] Embed Pods Frameworks";
			outputFileListPaths = (
				"${PODS_ROOT}/Target Support Files/Pods-RogueOne/Pods-RogueOne-frameworks-${CONFIGURATION}-output-files.xcfilelist",
			);
			runOnlyForDeploymentPostprocessing = 0;
			shellPath = /bin/sh;
			shellScript = "\"${PODS_ROOT}/Target Support Files/Pods-RogueOne/Pods-RogueOne-frameworks.sh\"\n";
			showEnvVarsInLog = 0;
		};
/* End PBXShellScriptBuildPhase section */

/* Begin PBXSourcesBuildPhase section */
		2319B2AC245F601B00EEAF84 /* Sources */ = {
			isa = PBXSourcesBuildPhase;
			buildActionMask = 2147483647;
			files = (
				230F1AFF246333690045D8B1 /* GetPeoplesWorker.swift in Sources */,
				23F5B67A2460EF0F00A5FE6C /* Request+Response.swift in Sources */,
				2365AE0F2464AEB700112FB2 /* PeopleTypeCollectionViewDataSource.swift in Sources */,
				2365AE162464DC8000112FB2 /* GetPlanetEntitiesWebService.swift in Sources */,
				23EB8D51245FBE4D00686529 /* UIColor+Random.swift in Sources */,
				2365AE2424653E3900112FB2 /* FilmTypeCollectionViewDataSource.swift in Sources */,
				2365AE182464DDA000112FB2 /* GetVehicleEntitiesWebService.swift in Sources */,
				23F5B68224615A7800A5FE6C /* ResponseSerializer.swift in Sources */,
				23EB8D5D245FF4F500686529 /* Film.swift in Sources */,
				23EB8D63245FF8E100686529 /* Vehicle.swift in Sources */,
				2365AE2024651DDC00112FB2 /* WorkerFactory.swift in Sources */,
				23EB8D58245FE44B00686529 /* SWDetailsViewController.swift in Sources */,
				23F5B67E2460EF0F00A5FE6C /* SWWebServiceCaller.swift in Sources */,
				2319B2B8245F601B00EEAF84 /* SWCategoriesCollectionViewController.swift in Sources */,
				23F5B67D2460EF0F00A5FE6C /* WebServiceConfiguration.swift in Sources */,
				7F4074E6246F39D4006AC6D2 /* StarshipTypeCollectionViewDataSource.swift in Sources */,
				230F1B0324633FE20045D8B1 /* Constants.swift in Sources */,
				23EB8D65245FF8FE00686529 /* Starship.swift in Sources */,
				23EB8D5F245FF8AB00686529 /* Species.swift in Sources */,
				23F5B67B2460EF0F00A5FE6C /* WebServiceResult.swift in Sources */,
				2365AE1A2464DDB500112FB2 /* GetStarshipEntitiesWebService.swift in Sources */,
				23F5B67C2460EF0F00A5FE6C /* WebService.swift in Sources */,
				230F1B082463473D0045D8B1 /* SWEntityCollectionViewCell.swift in Sources */,
				2365AE222465225900112FB2 /* EntitiesDataSourceFactory.swift in Sources */,
				2365AE1C2464DDC800112FB2 /* GetSpeciesEntitiesWebService.swift in Sources */,
				2365AE2C2465ECF700112FB2 /* PeopleViewModel.swift in Sources */,
				230B060F246F313400F5F8CB /* GetPlanetsWorker.swift in Sources */,
				23A4DCC92468C327001FEB66 /* SWEntitiesCollectionViewController.swift in Sources */,
				2365AE142464DC4B00112FB2 /* GetPeopleEntitiesWebService.swift in Sources */,
				230B060B246F30D400F5F8CB /* GetVehiclesWorker.swift in Sources */,
				23EB8D4D245FA03A00686529 /* SWEntityType.swift in Sources */,
				230B0611246F315400F5F8CB /* GetStarshipsWorker.swift in Sources */,
				230B0613246F316F00F5F8CB /* GetSpeciesWorker.swift in Sources */,
				23F5B6842462695100A5FE6C /* SWEntity.swift in Sources */,
				23F5B6772460EF0F00A5FE6C /* SWCategoriesWebService.swift in Sources */,
				23EB8D4A245F9D3D00686529 /* SWAllCategoryCollectionViewDataSource.swift in Sources */,
				2365AE262465415200112FB2 /* PlanetCategoryCollectionViewDataSource.swift in Sources */,
				23EB8D5B245FF31500686529 /* People.swift in Sources */,
				2319B2B4245F601B00EEAF84 /* AppDelegate.swift in Sources */,
				23F5B6792460EF0F00A5FE6C /* APIError.swift in Sources */,
				23EB8D61245FF8B600686529 /* Planet.swift in Sources */,
				23F5B6672460DCA600A5FE6C /* SWEntitiesCollectionViewDataSource.swift in Sources */,
				23A4DCC1246610E4001FEB66 /* CacheManager.swift in Sources */,
				2319B2C9245F643700EEAF84 /* SWCategoryCollectionViewCell.swift in Sources */,
				230B060D246F310100F5F8CB /* GelFilmsWorker.swift in Sources */,
				23F5B6782460EF0F00A5FE6C /* HTTPConstants.swift in Sources */,
				2319B2B6245F601B00EEAF84 /* SceneDelegate.swift in Sources */,
				23A4DCC324661830001FEB66 /* RelatedEntityViewModel.swift in Sources */,
				2365AE112464C62000112FB2 /* SWEntitiesResponse.swift in Sources */,
				2365AE1E2464DDDE00112FB2 /* GetFilmEntitiesWebService.swift in Sources */,
			);
			runOnlyForDeploymentPostprocessing = 0;
		};
/* End PBXSourcesBuildPhase section */

/* Begin PBXVariantGroup section */
		2319B2B9245F601B00EEAF84 /* Main.storyboard */ = {
			isa = PBXVariantGroup;
			children = (
				2319B2BA245F601B00EEAF84 /* Base */,
			);
			name = Main.storyboard;
			sourceTree = "<group>";
		};
		2319B2BE245F601C00EEAF84 /* LaunchScreen.storyboard */ = {
			isa = PBXVariantGroup;
			children = (
				2319B2BF245F601C00EEAF84 /* Base */,
			);
			name = LaunchScreen.storyboard;
			sourceTree = "<group>";
		};
/* End PBXVariantGroup section */

/* Begin XCBuildConfiguration section */
		2319B2C2245F601C00EEAF84 /* Debug */ = {
			isa = XCBuildConfiguration;
			buildSettings = {
				ALWAYS_SEARCH_USER_PATHS = NO;
				CLANG_ANALYZER_NONNULL = YES;
				CLANG_ANALYZER_NUMBER_OBJECT_CONVERSION = YES_AGGRESSIVE;
				CLANG_CXX_LANGUAGE_STANDARD = "gnu++14";
				CLANG_CXX_LIBRARY = "libc++";
				CLANG_ENABLE_MODULES = YES;
				CLANG_ENABLE_OBJC_ARC = YES;
				CLANG_ENABLE_OBJC_WEAK = YES;
				CLANG_WARN_BLOCK_CAPTURE_AUTORELEASING = YES;
				CLANG_WARN_BOOL_CONVERSION = YES;
				CLANG_WARN_COMMA = YES;
				CLANG_WARN_CONSTANT_CONVERSION = YES;
				CLANG_WARN_DEPRECATED_OBJC_IMPLEMENTATIONS = YES;
				CLANG_WARN_DIRECT_OBJC_ISA_USAGE = YES_ERROR;
				CLANG_WARN_DOCUMENTATION_COMMENTS = YES;
				CLANG_WARN_EMPTY_BODY = YES;
				CLANG_WARN_ENUM_CONVERSION = YES;
				CLANG_WARN_INFINITE_RECURSION = YES;
				CLANG_WARN_INT_CONVERSION = YES;
				CLANG_WARN_NON_LITERAL_NULL_CONVERSION = YES;
				CLANG_WARN_OBJC_IMPLICIT_RETAIN_SELF = YES;
				CLANG_WARN_OBJC_LITERAL_CONVERSION = YES;
				CLANG_WARN_OBJC_ROOT_CLASS = YES_ERROR;
				CLANG_WARN_RANGE_LOOP_ANALYSIS = YES;
				CLANG_WARN_STRICT_PROTOTYPES = YES;
				CLANG_WARN_SUSPICIOUS_MOVE = YES;
				CLANG_WARN_UNGUARDED_AVAILABILITY = YES_AGGRESSIVE;
				CLANG_WARN_UNREACHABLE_CODE = YES;
				CLANG_WARN__DUPLICATE_METHOD_MATCH = YES;
				COPY_PHASE_STRIP = NO;
				DEBUG_INFORMATION_FORMAT = dwarf;
				ENABLE_STRICT_OBJC_MSGSEND = YES;
				ENABLE_TESTABILITY = YES;
				GCC_C_LANGUAGE_STANDARD = gnu11;
				GCC_DYNAMIC_NO_PIC = NO;
				GCC_NO_COMMON_BLOCKS = YES;
				GCC_OPTIMIZATION_LEVEL = 0;
				GCC_PREPROCESSOR_DEFINITIONS = (
					"DEBUG=1",
					"$(inherited)",
				);
				GCC_WARN_64_TO_32_BIT_CONVERSION = YES;
				GCC_WARN_ABOUT_RETURN_TYPE = YES_ERROR;
				GCC_WARN_UNDECLARED_SELECTOR = YES;
				GCC_WARN_UNINITIALIZED_AUTOS = YES_AGGRESSIVE;
				GCC_WARN_UNUSED_FUNCTION = YES;
				GCC_WARN_UNUSED_VARIABLE = YES;
				IPHONEOS_DEPLOYMENT_TARGET = 13.4;
				MTL_ENABLE_DEBUG_INFO = INCLUDE_SOURCE;
				MTL_FAST_MATH = YES;
				ONLY_ACTIVE_ARCH = YES;
				SDKROOT = iphoneos;
				SWIFT_ACTIVE_COMPILATION_CONDITIONS = DEBUG;
				SWIFT_OPTIMIZATION_LEVEL = "-Onone";
			};
			name = Debug;
		};
		2319B2C3245F601C00EEAF84 /* Release */ = {
			isa = XCBuildConfiguration;
			buildSettings = {
				ALWAYS_SEARCH_USER_PATHS = NO;
				CLANG_ANALYZER_NONNULL = YES;
				CLANG_ANALYZER_NUMBER_OBJECT_CONVERSION = YES_AGGRESSIVE;
				CLANG_CXX_LANGUAGE_STANDARD = "gnu++14";
				CLANG_CXX_LIBRARY = "libc++";
				CLANG_ENABLE_MODULES = YES;
				CLANG_ENABLE_OBJC_ARC = YES;
				CLANG_ENABLE_OBJC_WEAK = YES;
				CLANG_WARN_BLOCK_CAPTURE_AUTORELEASING = YES;
				CLANG_WARN_BOOL_CONVERSION = YES;
				CLANG_WARN_COMMA = YES;
				CLANG_WARN_CONSTANT_CONVERSION = YES;
				CLANG_WARN_DEPRECATED_OBJC_IMPLEMENTATIONS = YES;
				CLANG_WARN_DIRECT_OBJC_ISA_USAGE = YES_ERROR;
				CLANG_WARN_DOCUMENTATION_COMMENTS = YES;
				CLANG_WARN_EMPTY_BODY = YES;
				CLANG_WARN_ENUM_CONVERSION = YES;
				CLANG_WARN_INFINITE_RECURSION = YES;
				CLANG_WARN_INT_CONVERSION = YES;
				CLANG_WARN_NON_LITERAL_NULL_CONVERSION = YES;
				CLANG_WARN_OBJC_IMPLICIT_RETAIN_SELF = YES;
				CLANG_WARN_OBJC_LITERAL_CONVERSION = YES;
				CLANG_WARN_OBJC_ROOT_CLASS = YES_ERROR;
				CLANG_WARN_RANGE_LOOP_ANALYSIS = YES;
				CLANG_WARN_STRICT_PROTOTYPES = YES;
				CLANG_WARN_SUSPICIOUS_MOVE = YES;
				CLANG_WARN_UNGUARDED_AVAILABILITY = YES_AGGRESSIVE;
				CLANG_WARN_UNREACHABLE_CODE = YES;
				CLANG_WARN__DUPLICATE_METHOD_MATCH = YES;
				COPY_PHASE_STRIP = NO;
				DEBUG_INFORMATION_FORMAT = "dwarf-with-dsym";
				ENABLE_NS_ASSERTIONS = NO;
				ENABLE_STRICT_OBJC_MSGSEND = YES;
				GCC_C_LANGUAGE_STANDARD = gnu11;
				GCC_NO_COMMON_BLOCKS = YES;
				GCC_WARN_64_TO_32_BIT_CONVERSION = YES;
				GCC_WARN_ABOUT_RETURN_TYPE = YES_ERROR;
				GCC_WARN_UNDECLARED_SELECTOR = YES;
				GCC_WARN_UNINITIALIZED_AUTOS = YES_AGGRESSIVE;
				GCC_WARN_UNUSED_FUNCTION = YES;
				GCC_WARN_UNUSED_VARIABLE = YES;
				IPHONEOS_DEPLOYMENT_TARGET = 13.4;
				MTL_ENABLE_DEBUG_INFO = NO;
				MTL_FAST_MATH = YES;
				SDKROOT = iphoneos;
				SWIFT_COMPILATION_MODE = wholemodule;
				SWIFT_OPTIMIZATION_LEVEL = "-O";
				VALIDATE_PRODUCT = YES;
			};
			name = Release;
		};
		2319B2C5245F601C00EEAF84 /* Debug */ = {
			isa = XCBuildConfiguration;
			baseConfigurationReference = 1024548505645B8ED4B2D0F4 /* Pods-RogueOne.debug.xcconfig */;
			buildSettings = {
				ASSETCATALOG_COMPILER_APPICON_NAME = AppIcon;
				CODE_SIGN_STYLE = Automatic;
				DEVELOPMENT_TEAM = 5R73FDPJGP;
				INFOPLIST_FILE = "$(SRCROOT)/RogueOne/Info.plist";
				LD_RUNPATH_SEARCH_PATHS = (
					"$(inherited)",
					"@executable_path/Frameworks",
				);
				PRODUCT_BUNDLE_IDENTIFIER = com.personal.rogueOne;
				PRODUCT_NAME = "$(TARGET_NAME)";
				SWIFT_VERSION = 5.0;
				TARGETED_DEVICE_FAMILY = "1,2";
			};
			name = Debug;
		};
		2319B2C6245F601C00EEAF84 /* Release */ = {
			isa = XCBuildConfiguration;
			baseConfigurationReference = 2273F128819538D801EB1C18 /* Pods-RogueOne.release.xcconfig */;
			buildSettings = {
				ASSETCATALOG_COMPILER_APPICON_NAME = AppIcon;
				CODE_SIGN_STYLE = Automatic;
				DEVELOPMENT_TEAM = 5R73FDPJGP;
				INFOPLIST_FILE = "$(SRCROOT)/RogueOne/Info.plist";
				LD_RUNPATH_SEARCH_PATHS = (
					"$(inherited)",
					"@executable_path/Frameworks",
				);
				PRODUCT_BUNDLE_IDENTIFIER = com.personal.rogueOne;
				PRODUCT_NAME = "$(TARGET_NAME)";
				SWIFT_VERSION = 5.0;
				TARGETED_DEVICE_FAMILY = "1,2";
			};
			name = Release;
		};
/* End XCBuildConfiguration section */

/* Begin XCConfigurationList section */
		2319B2AB245F601B00EEAF84 /* Build configuration list for PBXProject "RogueOne" */ = {
			isa = XCConfigurationList;
			buildConfigurations = (
				2319B2C2245F601C00EEAF84 /* Debug */,
				2319B2C3245F601C00EEAF84 /* Release */,
			);
			defaultConfigurationIsVisible = 0;
			defaultConfigurationName = Release;
		};
		2319B2C4245F601C00EEAF84 /* Build configuration list for PBXNativeTarget "RogueOne" */ = {
			isa = XCConfigurationList;
			buildConfigurations = (
				2319B2C5245F601C00EEAF84 /* Debug */,
				2319B2C6245F601C00EEAF84 /* Release */,
			);
			defaultConfigurationIsVisible = 0;
			defaultConfigurationName = Release;
		};
/* End XCConfigurationList section */
	};
	rootObject = 2319B2A8245F601B00EEAF84 /* Project object */;
}
